
Microsoft Visual Studio Solution File, Format Version 12.00
# Visual Studio Version 16
VisualStudioVersion = 16.0.30503.244
MinimumVisualStudioVersion = 10.0.40219.1
Project("{9A19103F-16F7-4668-BE54-9A1E7A4F7556}") = "qckdev", "qckdev\qckdev.csproj", "{CA91C1A7-7BBD-4105-BF4E-50F74C013D51}"
EndProject
Project("{9A19103F-16F7-4668-BE54-9A1E7A4F7556}") = "qckdevTest", "qckdevTest\qckdevTest.csproj", "{B6063C02-EA2A-41A1-85A3-8C059D24F978}"
EndProject
Project("{FAE04EC0-301F-11D3-BF4B-00C04F79EFBC}") = "qckdevTest.Net35", "qckdevTest.Net35\qckdevTest.Net35.csproj", "{B5D4478E-9C5C-49F9-BD4F-0DD6E80E0B01}"
EndProject
Project("{FAE04EC0-301F-11D3-BF4B-00C04F79EFBC}") = "qckdevTest.Net40", "qckdevTest.Net40\qckdevTest.Net40.csproj", "{D1A09432-6F65-4E53-9587-D9CE860EF8B8}"
EndProject
Project("{FAE04EC0-301F-11D3-BF4B-00C04F79EFBC}") = "qckdevTest.Common", "qckdevTest.Common\qckdevTest.Common.csproj", "{4CE07939-6F48-4C42-9E4D-1453EE721183}"
EndProject
Global
	GlobalSection(SolutionConfigurationPlatforms) = preSolution
		Debug|Any CPU = Debug|Any CPU
		Debug|x64 = Debug|x64
		Debug|x86 = Debug|x86
		Release|Any CPU = Release|Any CPU
		Release|x64 = Release|x64
		Release|x86 = Release|x86
	EndGlobalSection
	GlobalSection(ProjectConfigurationPlatforms) = postSolution
		{CA91C1A7-7BBD-4105-BF4E-50F74C013D51}.Debug|Any CPU.ActiveCfg = Debug|Any CPU
		{CA91C1A7-7BBD-4105-BF4E-50F74C013D51}.Debug|Any CPU.Build.0 = Debug|Any CPU
		{CA91C1A7-7BBD-4105-BF4E-50F74C013D51}.Debug|x64.ActiveCfg = Debug|Any CPU
		{CA91C1A7-7BBD-4105-BF4E-50F74C013D51}.Debug|x64.Build.0 = Debug|Any CPU
		{CA91C1A7-7BBD-4105-BF4E-50F74C013D51}.Debug|x86.ActiveCfg = Debug|Any CPU
		{CA91C1A7-7BBD-4105-BF4E-50F74C013D51}.Debug|x86.Build.0 = Debug|Any CPU
		{CA91C1A7-7BBD-4105-BF4E-50F74C013D51}.Release|Any CPU.ActiveCfg = Release|Any CPU
		{CA91C1A7-7BBD-4105-BF4E-50F74C013D51}.Release|Any CPU.Build.0 = Release|Any CPU
		{CA91C1A7-7BBD-4105-BF4E-50F74C013D51}.Release|x64.ActiveCfg = Release|Any CPU
		{CA91C1A7-7BBD-4105-BF4E-50F74C013D51}.Release|x64.Build.0 = Release|Any CPU
		{CA91C1A7-7BBD-4105-BF4E-50F74C013D51}.Release|x86.ActiveCfg = Release|Any CPU
		{CA91C1A7-7BBD-4105-BF4E-50F74C013D51}.Release|x86.Build.0 = Release|Any CPU
		{B6063C02-EA2A-41A1-85A3-8C059D24F978}.Debug|Any CPU.ActiveCfg = Debug|Any CPU
		{B6063C02-EA2A-41A1-85A3-8C059D24F978}.Debug|Any CPU.Build.0 = Debug|Any CPU
		{B6063C02-EA2A-41A1-85A3-8C059D24F978}.Debug|x64.ActiveCfg = Debug|Any CPU
		{B6063C02-EA2A-41A1-85A3-8C059D24F978}.Debug|x64.Build.0 = Debug|Any CPU
		{B6063C02-EA2A-41A1-85A3-8C059D24F978}.Debug|x86.ActiveCfg = Debug|Any CPU
		{B6063C02-EA2A-41A1-85A3-8C059D24F978}.Debug|x86.Build.0 = Debug|Any CPU
		{B6063C02-EA2A-41A1-85A3-8C059D24F978}.Release|Any CPU.ActiveCfg = Release|Any CPU
		{B6063C02-EA2A-41A1-85A3-8C059D24F978}.Release|Any CPU.Build.0 = Release|Any CPU
		{B6063C02-EA2A-41A1-85A3-8C059D24F978}.Release|x64.ActiveCfg = Release|Any CPU
		{B6063C02-EA2A-41A1-85A3-8C059D24F978}.Release|x64.Build.0 = Release|Any CPU
		{B6063C02-EA2A-41A1-85A3-8C059D24F978}.Release|x86.ActiveCfg = Release|Any CPU
		{B6063C02-EA2A-41A1-85A3-8C059D24F978}.Release|x86.Build.0 = Release|Any CPU
		{B5D4478E-9C5C-49F9-BD4F-0DD6E80E0B01}.Debug|Any CPU.ActiveCfg = Debug|Any CPU
		{B5D4478E-9C5C-49F9-BD4F-0DD6E80E0B01}.Debug|Any CPU.Build.0 = Debug|Any CPU
		{B5D4478E-9C5C-49F9-BD4F-0DD6E80E0B01}.Debug|x64.ActiveCfg = Debug|Any CPU
		{B5D4478E-9C5C-49F9-BD4F-0DD6E80E0B01}.Debug|x64.Build.0 = Debug|Any CPU
		{B5D4478E-9C5C-49F9-BD4F-0DD6E80E0B01}.Debug|x86.ActiveCfg = Debug|Any CPU
		{B5D4478E-9C5C-49F9-BD4F-0DD6E80E0B01}.Debug|x86.Build.0 = Debug|Any CPU
		{B5D4478E-9C5C-49F9-BD4F-0DD6E80E0B01}.Release|Any CPU.ActiveCfg = Release|Any CPU
		{B5D4478E-9C5C-49F9-BD4F-0DD6E80E0B01}.Release|Any CPU.Build.0 = Release|Any CPU
		{B5D4478E-9C5C-49F9-BD4F-0DD6E80E0B01}.Release|x64.ActiveCfg = Release|Any CPU
		{B5D4478E-9C5C-49F9-BD4F-0DD6E80E0B01}.Release|x64.Build.0 = Release|Any CPU
		{B5D4478E-9C5C-49F9-BD4F-0DD6E80E0B01}.Release|x86.ActiveCfg = Release|Any CPU
		{B5D4478E-9C5C-49F9-BD4F-0DD6E80E0B01}.Release|x86.Build.0 = Release|Any CPU
		{D1A09432-6F65-4E53-9587-D9CE860EF8B8}.Debug|Any CPU.ActiveCfg = Debug|Any CPU
		{D1A09432-6F65-4E53-9587-D9CE860EF8B8}.Debug|Any CPU.Build.0 = Debug|Any CPU
		{D1A09432-6F65-4E53-9587-D9CE860EF8B8}.Debug|x64.ActiveCfg = Debug|Any CPU
		{D1A09432-6F65-4E53-9587-D9CE860EF8B8}.Debug|x64.Build.0 = Debug|Any CPU
		{D1A09432-6F65-4E53-9587-D9CE860EF8B8}.Debug|x86.ActiveCfg = Debug|Any CPU
		{D1A09432-6F65-4E53-9587-D9CE860EF8B8}.Debug|x86.Build.0 = Debug|Any CPU
		{D1A09432-6F65-4E53-9587-D9CE860EF8B8}.Release|Any CPU.ActiveCfg = Release|Any CPU
		{D1A09432-6F65-4E53-9587-D9CE860EF8B8}.Release|Any CPU.Build.0 = Release|Any CPU
		{D1A09432-6F65-4E53-9587-D9CE860EF8B8}.Release|x64.ActiveCfg = Release|Any CPU
		{D1A09432-6F65-4E53-9587-D9CE860EF8B8}.Release|x64.Build.0 = Release|Any CPU
		{D1A09432-6F65-4E53-9587-D9CE860EF8B8}.Release|x86.ActiveCfg = Release|Any CPU
		{D1A09432-6F65-4E53-9587-D9CE860EF8B8}.Release|x86.Build.0 = Release|Any CPU
		{4CE07939-6F48-4C42-9E4D-1453EE721183}.Debug|Any CPU.ActiveCfg = Debug|Any CPU
		{4CE07939-6F48-4C42-9E4D-1453EE721183}.Debug|Any CPU.Build.0 = Debug|Any CPU
		{4CE07939-6F48-4C42-9E4D-1453EE721183}.Debug|x64.ActiveCfg = Debug|Any CPU
		{4CE07939-6F48-4C42-9E4D-1453EE721183}.Debug|x64.Build.0 = Debug|Any CPU
		{4CE07939-6F48-4C42-9E4D-1453EE721183}.Debug|x86.ActiveCfg = Debug|Any CPU
		{4CE07939-6F48-4C42-9E4D-1453EE721183}.Debug|x86.Build.0 = Debug|Any CPU
		{4CE07939-6F48-4C42-9E4D-1453EE721183}.Release|Any CPU.ActiveCfg = Release|Any CPU
		{4CE07939-6F48-4C42-9E4D-1453EE721183}.Release|Any CPU.Build.0 = Release|Any CPU
		{4CE07939-6F48-4C42-9E4D-1453EE721183}.Release|x64.ActiveCfg = Release|Any CPU
		{4CE07939-6F48-4C42-9E4D-1453EE721183}.Release|x64.Build.0 = Release|Any CPU
		{4CE07939-6F48-4C42-9E4D-1453EE721183}.Release|x86.ActiveCfg = Release|Any CPU
		{4CE07939-6F48-4C42-9E4D-1453EE721183}.Release|x86.Build.0 = Release|Any CPU
	EndGlobalSection
	GlobalSection(SolutionProperties) = preSolution
		HideSolutionNode = FALSE
	EndGlobalSection
	GlobalSection(ExtensibilityGlobals) = postSolution
		SolutionGuid = {4F38FF2F-E4CF-4807-AB95-D0AD86A275BF}
	EndGlobalSection
EndGlobal
